
Microsoft Visual Studio Solution File, Format Version 12.00
# Visual Studio Version 16
VisualStudioVersion = 16.0.28803.156
MinimumVisualStudioVersion = 10.0.40219.1
Project("{FAE04EC0-301F-11D3-BF4B-00C04F79EFBC}") = "AspNetCore.Sample.Web", "AspNetCore.Sample.Web\AspNetCore.Sample.Web.csproj", "{24851BA7-AFD8-467C-ADEC-628B0338873B}"
EndProject
Project("{FAE04EC0-301F-11D3-BF4B-00C04F79EFBC}") = "AspNetCore.Sample.UnitTest", "AspNetCore.Sample.UnitTest\AspNetCore.Sample.UnitTest.csproj", "{A4C4F811-579C-472F-B6FD-2E35E29093D2}"
EndProject
Global
	GlobalSection(SolutionConfigurationPlatforms) = preSolution
		Debug|Any CPU = Debug|Any CPU
		Release|Any CPU = Release|Any CPU
	EndGlobalSection
	GlobalSection(ProjectConfigurationPlatforms) = postSolution
		{24851BA7-AFD8-467C-ADEC-628B0338873B}.Debug|Any CPU.ActiveCfg = Debug|Any CPU
		{24851BA7-AFD8-467C-ADEC-628B0338873B}.Debug|Any CPU.Build.0 = Debug|Any CPU
		{24851BA7-AFD8-467C-ADEC-628B0338873B}.Release|Any CPU.ActiveCfg = Release|Any CPU
		{24851BA7-AFD8-467C-ADEC-628B0338873B}.Release|Any CPU.Build.0 = Release|Any CPU
		{A4C4F811-579C-472F-B6FD-2E35E29093D2}.Debug|Any CPU.ActiveCfg = Debug|Any CPU
		{A4C4F811-579C-472F-B6FD-2E35E29093D2}.Debug|Any CPU.Build.0 = Debug|Any CPU
		{A4C4F811-579C-472F-B6FD-2E35E29093D2}.Release|Any CPU.ActiveCfg = Release|Any CPU
		{A4C4F811-579C-472F-B6FD-2E35E29093D2}.Release|Any CPU.Build.0 = Release|Any CPU
	EndGlobalSection
	GlobalSection(SolutionProperties) = preSolution
		HideSolutionNode = FALSE
	EndGlobalSection
	GlobalSection(ExtensibilityGlobals) = postSolution
		SolutionGuid = {99B855FE-F4DE-4B98-89E9-9FB1C08543D3}
	EndGlobalSection
EndGlobal
